# This file is autogenerated, do not edit; changes may be undone by the next 'dep ensure'.


[[projects]]
  branch = "master"
  digest = "1:2d4b3819ba28ab9226dc4106d297e7d1ecd32cef88e5eea07a119ecad9d625be"
  name = "github.com/99designs/keyring"
  packages = ["."]
  pruneopts = "UT"
  revision = "82da6802f65f1ac7963cfc3b7c62ae12dab8ee5d"

[[projects]]
  digest = "1:dc648facc1e7aac5086f749c84c9b9263345c08161fadd9cf92ae3309c9fcaa6"
  name = "github.com/Knetic/govaluate"
  packages = ["."]
  pruneopts = "UT"
  revision = "9aa49832a739dcd78a5542ff189fb82c3e423116"

[[projects]]
  branch = "master"
  digest = "1:e31806ff98be45276d8cb3728d9a04613fb2522a4082f079fec927ce0aa9d30f"
  name = "github.com/Krlier/gorm-adapter"
  packages = ["."]
  pruneopts = "UT"
  revision = "5f0f4b5ecad7f5259de033c2765c1e9399b23034"

[[projects]]
  branch = "master"
  digest = "1:d73d422b7f34d8e930d6d9c3ae6ce5c8f4a2c77e1ea43f7f127a5cd084e32ccb"
  name = "github.com/aulanov/go.dbus"
  packages = ["."]
  pruneopts = "UT"
  revision = "25c3068a42a0b50b877953fb249dbcffc6bd1bca"

[[projects]]
  digest = "1:c9a6803b8b14295b9ec5bf145bba2de6741509717687df47442282a71834c493"
  name = "github.com/casbin/casbin"
  packages = [
    ".",
    "config",
    "effect",
    "log",
    "model",
    "persist",
    "persist/file-adapter",
    "rbac",
    "rbac/default-role-manager",
    "util",
  ]
  pruneopts = "UT"
  revision = "4aa316fb68d44d4cc5ddd98d7e9ec80bc0a8b081"
  version = "v1.8.1"

[[projects]]
  digest = "1:f6e5e1bc64c2908167e6aa9a1fe0c084d515132a1c63ad5b6c84036aa06dc0c1"
  name = "github.com/coreos/go-oidc"
  packages = ["."]
  pruneopts = "UT"
  revision = "1180514eaf4d9f38d0d19eef639a1d695e066e72"
  version = "v2.0.0"

[[projects]]
  digest = "1:586992e81213a853bfe5c102709c0c92020d21b386907ceae783f13bbe899ad7"
  name = "github.com/danieljoos/wincred"
  packages = ["."]
  pruneopts = "UT"
  revision = "412b574fb496839b312a75fba146bd32a89001cf"
  version = "v1.0.1"

[[projects]]
  digest = "1:76dc72490af7174349349838f2fe118996381b31ea83243812a97e5a0fd5ed55"
  name = "github.com/dgrijalva/jwt-go"
  packages = ["."]
  pruneopts = "UT"
  revision = "06ea1031745cb8b3dab3f6a236daf2b0aa468b7e"
  version = "v3.2.0"

[[projects]]
  digest = "1:92dfb1cad60fdfecac5def0f398e05b2b92d2422ac6ad2d7d8e4bdb6057a3d83"
  name = "github.com/dvsekhvalnov/jose2go"
  packages = [
    ".",
    "aes",
    "arrays",
    "base64url",
    "compact",
    "kdf",
    "keys/ecc",
    "padding",
  ]
  pruneopts = "UT"
  revision = "f21a8cedbbae609f623613ec8f81125c243212e6"
  version = "v1.3"

[[projects]]
  digest = "1:abeb38ade3f32a92943e5be54f55ed6d6e3b6602761d74b4aab4c9dd45c18abd"
  name = "github.com/fsnotify/fsnotify"
  packages = ["."]
  pruneopts = "UT"
  revision = "c2828203cd70a50dcccfb2761f8b1f8ceef9a8e9"
  version = "v1.4.7"

[[projects]]
  digest = "1:ec6f9bf5e274c833c911923c9193867f3f18788c461f76f05f62bb1510e0ae65"
  name = "github.com/go-sql-driver/mysql"
  packages = ["."]
  pruneopts = "UT"
  revision = "72cd26f257d44c1114970e19afddcd812016007e"
  version = "v1.4.1"

[[projects]]
  digest = "1:b3d20bcdedab2050e6bc58e52f4fdc46f710b4c74e1a1ecee262ebec1aee7b6e"
  name = "github.com/godbus/dbus"
  packages = ["."]
  pruneopts = "UT"
  revision = "2ff6f7ffd60f0f2410b3105864bdd12c7894f844"
  version = "v5.0.1"

[[projects]]
  digest = "1:bed9d72d596f94e65fff37f4d6c01398074a6bb1c3f3ceff963516bd01db6ff5"
  name = "github.com/gofrs/uuid"
  packages = ["."]
  pruneopts = "UT"
  revision = "6b08a5c5172ba18946672b49749cde22873dd7c2"
  version = "v3.2.0"

[[projects]]
  digest = "1:318f1c959a8a740366fce4b1e1eb2fd914036b4af58fbd0a003349b305f118ad"
  name = "github.com/golang/protobuf"
  packages = ["proto"]
  pruneopts = "UT"
  revision = "b5d812f8a3706043e23a9cd5babf2e5423744d30"
  version = "v1.3.1"

[[projects]]
  digest = "1:c79fb010be38a59d657c48c6ba1d003a8aa651fa56b579d959d74573b7dff8e1"
  name = "github.com/gorilla/context"
  packages = ["."]
  pruneopts = "UT"
  revision = "08b5f424b9271eedf6f9f0ce86cb9396ed337a42"
  version = "v1.1.1"

[[projects]]
  digest = "1:e72d1ebb8d395cf9f346fd9cbc652e5ae222dd85e0ac842dc57f175abed6d195"
  name = "github.com/gorilla/securecookie"
  packages = ["."]
  pruneopts = "UT"
  revision = "e59506cc896acb7f7bf732d4fdf5e25f7ccd8983"
  version = "v1.1.1"

[[projects]]
  digest = "1:e5bf52fd66a2e984b57b4c0f2c4ee024ed749a19886246240629998dc0cf31ce"
  name = "github.com/gorilla/sessions"
  packages = ["."]
  pruneopts = "UT"
  revision = "f57b7e2d29c6211d16ffa52a0998272f75799030"
  version = "v1.1.3"

[[projects]]
  digest = "1:e1aa8e520787bfd8623c7df394352be3183ef207039cfb513ba40dc00c82fa6d"
  name = "github.com/gosimple/slug"
  packages = ["."]
  pruneopts = "UT"
  revision = "42ac18c34c2c6f4843fa48167317dcaa9416d1e2"
  version = "v1.4.2"

[[projects]]
  branch = "master"
  digest = "1:36f5bd9b89fcd728488eee3a0cf8787448579ac381fded60edd6e3ac01fe1a38"
  name = "github.com/gsterjov/go-libsecret"
  packages = ["."]
  pruneopts = "UT"
  revision = "a6f4afe4910cad8688db3e0e9b9ac92ad22d54e1"

[[projects]]
  digest = "1:c0d19ab64b32ce9fe5cf4ddceba78d5bc9807f0016db6b1183599da3dcc24d10"
  name = "github.com/hashicorp/hcl"
  packages = [
    ".",
    "hcl/ast",
    "hcl/parser",
    "hcl/printer",
    "hcl/scanner",
    "hcl/strconv",
    "hcl/token",
    "json/parser",
    "json/scanner",
    "json/token",
  ]
  pruneopts = "UT"
  revision = "8cb6e5b959231cc1119e43259c4a608f9c51a241"
  version = "v1.0.0"

[[projects]]
  digest = "1:870d441fe217b8e689d7949fef6e43efbc787e50f200cb1e70dbca9204a1d6be"
  name = "github.com/inconshreveable/mousetrap"
  packages = ["."]
  pruneopts = "UT"
  revision = "76626ae9c91c4f2a10f34cad8ce83ea42c93bb75"
  version = "v1.0"

[[projects]]
  digest = "1:420ec120a74b22e8a967f2a2928d89503e373848c0d4447d16ddbbbef9a9965c"
  name = "github.com/jinzhu/gorm"
  packages = [
    ".",
    "dialects/mysql",
  ]
  pruneopts = "UT"
  revision = "472c70caa40267cb89fd8facb07fe6454b578626"
  version = "v1.9.2"

[[projects]]
  branch = "master"
  digest = "1:fd97437fbb6b7dce04132cf06775bd258cce305c44add58eb55ca86c6c325160"
  name = "github.com/jinzhu/inflection"
  packages = ["."]
  pruneopts = "UT"
  revision = "04140366298a54a039076d798123ffa108fff46c"

[[projects]]
  branch = "master"
  digest = "1:dc6189117b2812ee76e307aaed1e185e08ae45176418f79fa565114e10741959"
  name = "github.com/keybase/go-keychain"
  packages = ["."]
  pruneopts = "UT"
  revision = "da9bb486ccd551aeb1929211500fc4a0bcb62a56"

[[projects]]
  digest = "1:31e761d97c76151dde79e9d28964a812c46efc5baee4085b86f68f0c654450de"
  name = "github.com/konsorten/go-windows-terminal-sequences"
  packages = ["."]
  pruneopts = "UT"
  revision = "f55edac94c9bbba5d6182a4be46d86a2c9b5b50e"
  version = "v1.0.2"

[[projects]]
  digest = "1:47dc4f6ee8a7dda99b516b56cb7fcc4f53ca94756263bdcea55c918a60126062"
  name = "github.com/kr/pty"
  packages = ["."]
  pruneopts = "UT"
  revision = "521317be5ebc228a0f0ede099fa2a0b5ece22e49"
  version = "v1.1.4"

[[projects]]
  digest = "1:efd601ad1d1189884f37ed075fadb5bbd17f1f5acf5862827247c6da56d125ba"
  name = "github.com/labstack/echo"
  packages = [
    ".",
    "middleware",
  ]
  pruneopts = "UT"
  revision = "38772c686c76b501f94bd6cd5b77f5842e93b559"
  version = "v3.3.10"

[[projects]]
  digest = "1:431646838dda93dfb384c1010fca1bb0353c1ee030910d926bb64b32f1ba253a"
  name = "github.com/labstack/echo-contrib"
  packages = ["session"]
  pruneopts = "UT"
  revision = "7d9d9632a4aadf9b026436e43d5f96eca2d895a6"
  version = "0.5.2"

[[projects]]
  digest = "1:764bce605f1c70823a567ac3205a03e6b7f375ca747d8820fded0b0abddda802"
  name = "github.com/labstack/gommon"
  packages = [
    "bytes",
    "color",
    "log",
    "random",
  ]
  pruneopts = "UT"
  revision = "7fd9f68ece0bcb1a905fac8f1549f0083f71c51b"
  version = "v0.2.8"

[[projects]]
  digest = "1:8ef506fc2bb9ced9b151dafa592d4046063d744c646c1bbe801982ce87e4bc24"
  name = "github.com/lib/pq"
  packages = [
    ".",
    "oid",
  ]
  pruneopts = "UT"
  revision = "4ded0e9383f75c197b3a2aaa6d590ac52df6fd79"
  version = "v1.0.0"

[[projects]]
  digest = "1:c568d7727aa262c32bdf8a3f7db83614f7af0ed661474b24588de635c20024c7"
  name = "github.com/magiconair/properties"
  packages = ["."]
  pruneopts = "UT"
  revision = "c2353362d570a7bfa228149c62842019201cfb71"
  version = "v1.8.0"

[[projects]]
  digest = "1:2fa7b0155cd54479a755c629de26f888a918e13f8857a2c442205d825368e084"
  name = "github.com/mattn/go-colorable"
  packages = ["."]
  pruneopts = "UT"
  revision = "3a70a971f94a22f2fa562ffcc7a0eb45f5daf045"
  version = "v0.1.1"

[[projects]]
  digest = "1:e150b5fafbd7607e2d638e4e5cf43aa4100124e5593385147b0a74e2733d8b0d"
  name = "github.com/mattn/go-isatty"
  packages = ["."]
  pruneopts = "UT"
  revision = "c2a7a6ca930a4cd0bc33a3f298eb71960732a3a7"
  version = "v0.0.7"

[[projects]]
  digest = "1:5d231480e1c64a726869bc4142d270184c419749d34f167646baa21008eb0a79"
  name = "github.com/mitchellh/go-homedir"
  packages = ["."]
  pruneopts = "UT"
  revision = "af06845cf3004701891bf4fdb884bfe4920b3727"
  version = "v1.1.0"

[[projects]]
  digest = "1:53bc4cd4914cd7cd52139990d5170d6dc99067ae31c56530621b18b35fc30318"
  name = "github.com/mitchellh/mapstructure"
  packages = ["."]
  pruneopts = "UT"
  revision = "3536a929edddb9a5b34bd6861dc4a9647cb459fe"
  version = "v1.1.2"

[[projects]]
  digest = "1:e0f50a07c0def90588d69f77178712c6fdc67eb6576365f551cce98b44b501bf"
  name = "github.com/pelletier/go-toml"
  packages = ["."]
  pruneopts = "UT"
  revision = "63909f0a90ab0f36909e8e044e46ace10cf13ba2"
  version = "v1.3.0"

[[projects]]
  branch = "master"
  digest = "1:635ac9478e783f09b2945663e359ebf74bc225b37f9845795d1b247285b458a2"
  name = "github.com/pkg/browser"
  packages = ["."]
  pruneopts = "UT"
  revision = "0a3d74bf9ce488f035cf5bc36f753a711bc74334"

[[projects]]
  branch = "master"
  digest = "1:bd9efe4e0b0f768302a1e2f0c22458149278de533e521206e5ddc71848c269a0"
  name = "github.com/pquerna/cachecontrol"
  packages = [
    ".",
    "cacheobject",
  ]
  pruneopts = "UT"
  revision = "1555304b9b35fdd2b425bccf1a5613677705e7d0"

[[projects]]
  branch = "master"
  digest = "1:e6a29574542c00bb18adb1bfbe629ff88c468c2af2e2e953d3e58eda07165086"
  name = "github.com/rainycape/unidecode"
  packages = ["."]
  pruneopts = "UT"
  revision = "cb7f23ec59bec0d61b19c56cd88cee3d0cc1870c"

[[projects]]
  digest = "1:fd61cf4ae1953d55df708acb6b91492d538f49c305b364a014049914495db426"
  name = "github.com/sirupsen/logrus"
  packages = ["."]
  pruneopts = "UT"
  revision = "8bdbc7bcc01dcbb8ec23dc8a28e332258d25251f"
  version = "v1.4.1"

[[projects]]
  digest = "1:bb495ec276ab82d3dd08504bbc0594a65de8c3b22c6f2aaa92d05b73fbf3a82e"
  name = "github.com/spf13/afero"
  packages = [
    ".",
    "mem",
  ]
  pruneopts = "UT"
  revision = "588a75ec4f32903aa5e39a2619ba6a4631e28424"
  version = "v1.2.2"

[[projects]]
  digest = "1:08d65904057412fc0270fc4812a1c90c594186819243160dc779a402d4b6d0bc"
  name = "github.com/spf13/cast"
  packages = ["."]
  pruneopts = "UT"
  revision = "8c9545af88b134710ab1cd196795e7f2388358d7"
  version = "v1.3.0"

[[projects]]
  digest = "1:645cabccbb4fa8aab25a956cbcbdf6a6845ca736b2c64e197ca7cbb9d210b939"
  name = "github.com/spf13/cobra"
  packages = ["."]
  pruneopts = "UT"
  revision = "ef82de70bb3f60c65fb8eebacbb2d122ef517385"
  version = "v0.0.3"

[[projects]]
  digest = "1:1b753ec16506f5864d26a28b43703c58831255059644351bbcb019b843950900"
  name = "github.com/spf13/jwalterweatherman"
  packages = ["."]
  pruneopts = "UT"
  revision = "94f6ae3ed3bceceafa716478c5fbf8d29ca601a1"
  version = "v1.1.0"

[[projects]]
  digest = "1:c1b1102241e7f645bc8e0c22ae352e8f0dc6484b6cb4d132fa9f24174e0119e2"
  name = "github.com/spf13/pflag"
  packages = ["."]
  pruneopts = "UT"
  revision = "298182f68c66c05229eb03ac171abe6e309ee79a"
  version = "v1.0.3"

[[projects]]
  digest = "1:1b773526998f3dbde3a51a4a5881680c4d237d3600f570d900f97ac93c7ba0a8"
  name = "github.com/spf13/viper"
  packages = ["."]
  pruneopts = "UT"
  revision = "9e56dacc08fbbf8c9ee2dbc717553c758ce42bc9"
  version = "v1.3.2"

[[projects]]
  branch = "master"
  digest = "1:5df1ebf3ad9acba22bdb8beeb40e1f1a600830a12e6fd06a149df6eaa322d0d4"
  name = "github.com/tsuru/tablecli"
  packages = ["."]
  pruneopts = "UT"
  revision = "7ded8a3383c62d73e5c7f904377049d2c9fcd619"

[[projects]]
  digest = "1:c468422f334a6b46a19448ad59aaffdfc0a36b08fdcc1c749a0b29b6453d7e59"
  name = "github.com/valyala/bytebufferpool"
  packages = ["."]
  pruneopts = "UT"
  revision = "e746df99fe4a3986f4d4f79e13c1e0117ce9c2f7"
  version = "v1.0.0"

[[projects]]
  digest = "1:4d29fdc69817829d8c78473d61613d984ce59675110cee7a2f0314f332cc70a2"
  name = "github.com/valyala/fasttemplate"
  packages = ["."]
  pruneopts = "UT"
  revision = "8b5e4e491ab636663841c42ea3c5a9adebabaf36"
  version = "v1.0.1"

[[projects]]
  branch = "master"
  digest = "1:35430753b6d22f77b6148991b164ad95e3a2d159cbebf8f914434ba57f13e59f"
  name = "golang.org/x/crypto"
  packages = [
    "acme",
    "acme/autocert",
    "curve25519",
    "ed25519",
    "ed25519/internal/edwards25519",
    "internal/chacha20",
    "internal/subtle",
    "pbkdf2",
    "poly1305",
    "ssh",
    "ssh/terminal",
  ]
  pruneopts = "UT"
  revision = "a5d413f7728c81fb97d96a2b722368945f651e78"

[[projects]]
  branch = "master"
  digest = "1:f8b491a7c25030a895a0e579742d07136e6958e77ef2d46e769db8eec4e58fcd"
  name = "golang.org/x/net"
  packages = [
    "context",
    "context/ctxhttp",
  ]
  pruneopts = "UT"
  revision = "74de082e2cca95839e88aa0aeee5aadf6ce7710f"

[[projects]]
  branch = "master"
  digest = "1:9927d6aceb89d188e21485f42a7a254e67e6fdcf4260aba375fe18e3c300dfb4"
  name = "golang.org/x/oauth2"
  packages = [
    ".",
    "internal",
  ]
  pruneopts = "UT"
  revision = "9f3314589c9a9136388751d9adae6b0ed400978a"

[[projects]]
  branch = "master"
  digest = "1:cf326ab7d8dab522e1d9cb819fdaa104b301ab4c2f8636e91e9447167febf84b"
  name = "golang.org/x/sys"
  packages = [
    "cpu",
    "unix",
    "windows",
  ]
  pruneopts = "UT"
  revision = "baf5eb976a8cd65845293cd814ea151018552292"

[[projects]]
  digest = "1:8029e9743749d4be5bc9f7d42ea1659471767860f0cdc34d37c3111bd308a295"
  name = "golang.org/x/text"
  packages = [
    "internal/gen",
    "internal/triegen",
    "internal/ucd",
    "transform",
    "unicode/cldr",
    "unicode/norm",
  ]
  pruneopts = "UT"
  revision = "f21a4dfb5e38f5895301dc265a8def02365cc3d0"
  version = "v0.3.0"

[[projects]]
  digest = "1:7e8b9c5ae49011b12ae8473834ac1a7bb8ac029ba201270c723e4c280c9e4855"
  name = "google.golang.org/appengine"
  packages = [
    "cloudsql",
    "internal",
    "internal/base",
    "internal/datastore",
    "internal/log",
    "internal/remote_api",
    "internal/urlfetch",
    "urlfetch",
  ]
  pruneopts = "UT"
  revision = "54a98f90d1c46b7731eb8fb305d2a321c30ef610"
  version = "v1.5.0"

[[projects]]
  digest = "1:c0c30f47f9c16f227ba82f0bdfd14fa968453c30b7677a07903b3b4f34b98d49"
  name = "gopkg.in/square/go-jose.v2"
  packages = [
    ".",
    "cipher",
    "json",
  ]
  pruneopts = "UT"
  revision = "628223f44a71f715d2881ea69afc795a1e9c01be"
  version = "v2.3.0"

[[projects]]
  digest = "1:4d2e5a73dc1500038e504a8d78b986630e3626dc027bc030ba5c75da257cdb96"
  name = "gopkg.in/yaml.v2"
  packages = ["."]
  pruneopts = "UT"
  revision = "51d6538a90f86fe93ac480b35f37b2be17fef232"
  version = "v2.2.2"

[solve-meta]
  analyzer-name = "dep"
  analyzer-version = 1
  input-imports = [
    "github.com/99designs/keyring",
    "github.com/Krlier/gorm-adapter",
    "github.com/casbin/casbin",
    "github.com/coreos/go-oidc",
    "github.com/gofrs/uuid",
    "github.com/gorilla/sessions",
    "github.com/gosimple/slug",
    "github.com/jinzhu/gorm",
    "github.com/jinzhu/gorm/dialects/mysql",
    "github.com/kr/pty",
    "github.com/labstack/echo",
    "github.com/labstack/echo-contrib/session",
    "github.com/labstack/echo/middleware",
    "github.com/labstack/gommon/random",
    "github.com/mitchellh/go-homedir",
    "github.com/pkg/browser",
    "github.com/sirupsen/logrus",
    "github.com/spf13/cobra",
    "github.com/spf13/viper",
    "github.com/tsuru/tablecli",
    "golang.org/x/crypto/ssh",
    "golang.org/x/crypto/ssh/terminal",
    "golang.org/x/oauth2",
    "gopkg.in/square/go-jose.v2",
  ]
  solver-name = "gps-cdcl"
  solver-version = 1
