hash: c43b62b1dcbe65c28bf9edfc0c46cc8677ac0b33516dd11aca10277b332bb1b5
updated: 2018-12-09T15:48:05.1265-02:00
imports:
- name: github.com/kr/pty
  version: db8e3cd836b82e82e0a9c8edc6896967dd31374f
- name: golang.org/x/crypto
  version: 505ab145d0a99da450461ae2c1a9f6cd10d1f447
  subpackages:
  - ssh/terminal
- name: golang.org/x/sys
  version: ad97f365e15054527b467150f898ec66d7f81e14
  subpackages:
  - unix
  - windows
testImports: []
